
Microsoft Visual Studio Solution File, Format Version 12.00
# Visual Studio 15
VisualStudioVersion = 15.0.27428.1
MinimumVisualStudioVersion = 10.0.40219.1
Project("{8BC9CEB8-8B4A-11D0-8D11-00A0C91BC942}") = "알고리즘 18.03.22 문제 3 슈도코드", "알고리즘 18.03.22 문제 3 슈도코드\알고리즘 18.03.22 문제 3 슈도코드.vcxproj", "{CA29456D-40AE-49D2-837F-BBFED1B7B24D}"
EndProject
Global
	GlobalSection(SolutionConfigurationPlatforms) = preSolution
		Debug|x64 = Debug|x64
		Debug|x86 = Debug|x86
		Release|x64 = Release|x64
		Release|x86 = Release|x86
	EndGlobalSection
	GlobalSection(ProjectConfigurationPlatforms) = postSolution
		{CA29456D-40AE-49D2-837F-BBFED1B7B24D}.Debug|x64.ActiveCfg = Debug|x64
		{CA29456D-40AE-49D2-837F-BBFED1B7B24D}.Debug|x64.Build.0 = Debug|x64
		{CA29456D-40AE-49D2-837F-BBFED1B7B24D}.Debug|x86.ActiveCfg = Debug|Win32
		{CA29456D-40AE-49D2-837F-BBFED1B7B24D}.Debug|x86.Build.0 = Debug|Win32
		{CA29456D-40AE-49D2-837F-BBFED1B7B24D}.Release|x64.ActiveCfg = Release|x64
		{CA29456D-40AE-49D2-837F-BBFED1B7B24D}.Release|x64.Build.0 = Release|x64
		{CA29456D-40AE-49D2-837F-BBFED1B7B24D}.Release|x86.ActiveCfg = Release|Win32
		{CA29456D-40AE-49D2-837F-BBFED1B7B24D}.Release|x86.Build.0 = Release|Win32
	EndGlobalSection
	GlobalSection(SolutionProperties) = preSolution
		HideSolutionNode = FALSE
	EndGlobalSection
	GlobalSection(ExtensibilityGlobals) = postSolution
		SolutionGuid = {998543AC-13B9-42DA-8A2C-5A7CAFFC708B}
	EndGlobalSection
EndGlobal
