
Microsoft Visual Studio Solution File, Format Version 12.00
# Visual Studio 15
VisualStudioVersion = 15.0.27428.1
MinimumVisualStudioVersion = 10.0.40219.1
Project("{8BC9CEB8-8B4A-11D0-8D11-00A0C91BC942}") = "if-else if 연습 문제 4", "if-else if 연습 문제 4\if-else if 연습 문제 4.vcxproj", "{6296B3E8-1552-4189-AEB9-8E3D2CA701F0}"
EndProject
Global
	GlobalSection(SolutionConfigurationPlatforms) = preSolution
		Debug|x64 = Debug|x64
		Debug|x86 = Debug|x86
		Release|x64 = Release|x64
		Release|x86 = Release|x86
	EndGlobalSection
	GlobalSection(ProjectConfigurationPlatforms) = postSolution
		{6296B3E8-1552-4189-AEB9-8E3D2CA701F0}.Debug|x64.ActiveCfg = Debug|x64
		{6296B3E8-1552-4189-AEB9-8E3D2CA701F0}.Debug|x64.Build.0 = Debug|x64
		{6296B3E8-1552-4189-AEB9-8E3D2CA701F0}.Debug|x86.ActiveCfg = Debug|Win32
		{6296B3E8-1552-4189-AEB9-8E3D2CA701F0}.Debug|x86.Build.0 = Debug|Win32
		{6296B3E8-1552-4189-AEB9-8E3D2CA701F0}.Release|x64.ActiveCfg = Release|x64
		{6296B3E8-1552-4189-AEB9-8E3D2CA701F0}.Release|x64.Build.0 = Release|x64
		{6296B3E8-1552-4189-AEB9-8E3D2CA701F0}.Release|x86.ActiveCfg = Release|Win32
		{6296B3E8-1552-4189-AEB9-8E3D2CA701F0}.Release|x86.Build.0 = Release|Win32
	EndGlobalSection
	GlobalSection(SolutionProperties) = preSolution
		HideSolutionNode = FALSE
	EndGlobalSection
	GlobalSection(ExtensibilityGlobals) = postSolution
		SolutionGuid = {B487E104-71C4-40BA-BD3A-957A92348288}
	EndGlobalSection
EndGlobal
