
Microsoft Visual Studio Solution File, Format Version 12.00
# Visual Studio 15
VisualStudioVersion = 15.0.27428.1
MinimumVisualStudioVersion = 10.0.40219.1
Project("{8BC9CEB8-8B4A-11D0-8D11-00A0C91BC942}") = "일정한 횟수 반복 기초 _문제 1", "일정한 횟수 반복 기초 _문제 1\일정한 횟수 반복 기초 _문제 1.vcxproj", "{50519B4D-F5AD-4362-8804-66E520DA9B0B}"
EndProject
Global
	GlobalSection(SolutionConfigurationPlatforms) = preSolution
		Debug|x64 = Debug|x64
		Debug|x86 = Debug|x86
		Release|x64 = Release|x64
		Release|x86 = Release|x86
	EndGlobalSection
	GlobalSection(ProjectConfigurationPlatforms) = postSolution
		{50519B4D-F5AD-4362-8804-66E520DA9B0B}.Debug|x64.ActiveCfg = Debug|x64
		{50519B4D-F5AD-4362-8804-66E520DA9B0B}.Debug|x64.Build.0 = Debug|x64
		{50519B4D-F5AD-4362-8804-66E520DA9B0B}.Debug|x86.ActiveCfg = Debug|Win32
		{50519B4D-F5AD-4362-8804-66E520DA9B0B}.Debug|x86.Build.0 = Debug|Win32
		{50519B4D-F5AD-4362-8804-66E520DA9B0B}.Release|x64.ActiveCfg = Release|x64
		{50519B4D-F5AD-4362-8804-66E520DA9B0B}.Release|x64.Build.0 = Release|x64
		{50519B4D-F5AD-4362-8804-66E520DA9B0B}.Release|x86.ActiveCfg = Release|Win32
		{50519B4D-F5AD-4362-8804-66E520DA9B0B}.Release|x86.Build.0 = Release|Win32
	EndGlobalSection
	GlobalSection(SolutionProperties) = preSolution
		HideSolutionNode = FALSE
	EndGlobalSection
	GlobalSection(ExtensibilityGlobals) = postSolution
		SolutionGuid = {00A009AE-AD54-4E1A-9D97-D99FE86DB7C5}
	EndGlobalSection
EndGlobal
